# THIS IS AN AUTOGENERATED FILE. DO NOT EDIT THIS FILE DIRECTLY.
# yarn lockfile v1


"@polymer/app-layout@^3.0.0-pre.7":
  version "3.0.0-pre.7"
  resolved "https://registry.yarnpkg.com/@polymer/app-layout/-/app-layout-3.0.0-pre.7.tgz#f4b7c418486c2588f2d75261ebc7c5e8f82f8934"
  dependencies:
    "@polymer/iron-flex-layout" "^3.0.0-pre.7"
    "@polymer/iron-media-query" "^3.0.0-pre.7"
    "@polymer/iron-resizable-behavior" "^3.0.0-pre.7"
    "@polymer/iron-scroll-target-behavior" "^3.0.0-pre.7"
    "@polymer/polymer" "^3.0.0-pre.7"

"@polymer/app-route@3.0.0-pre.7", "@polymer/app-route@^3.0.0-pre.1", "@polymer/app-route@^3.0.0-pre.7":
  version "3.0.0-pre.7"
  resolved "https://registry.yarnpkg.com/@polymer/app-route/-/app-route-3.0.0-pre.7.tgz#fd65a6a6bba58a9e9a21b452c04b52646b405323"
  dependencies:
    "@polymer/iron-location" "^3.0.0-pre.7"
    "@polymer/polymer" "^3.0.0-pre.7"

"@polymer/font-roboto@^3.0.0-pre.7":
  version "3.0.0-pre.7"
  resolved "https://registry.yarnpkg.com/@polymer/font-roboto/-/font-roboto-3.0.0-pre.7.tgz#b703c70aae998502192e106525851ebb82b5dacf"

"@polymer/iron-a11y-announcer@^3.0.0-pre.7":
  version "3.0.0-pre.7"
  resolved "https://registry.yarnpkg.com/@polymer/iron-a11y-announcer/-/iron-a11y-announcer-3.0.0-pre.7.tgz#a14f0157c23ac5293da320fa94ea1102e6ea9337"
  dependencies:
    "@polymer/polymer" "^3.0.0-pre.7"

"@polymer/iron-a11y-keys-behavior@^3.0.0-pre.7":
  version "3.0.0-pre.7"
  resolved "https://registry.yarnpkg.com/@polymer/iron-a11y-keys-behavior/-/iron-a11y-keys-behavior-3.0.0-pre.7.tgz#c27d93a9573232a980903f6861d080167c8abfcf"
  dependencies:
    "@polymer/polymer" "^3.0.0-pre.7"

"@polymer/iron-autogrow-textarea@^3.0.0-pre.7":
  version "3.0.0-pre.7"
  resolved "https://registry.yarnpkg.com/@polymer/iron-autogrow-textarea/-/iron-autogrow-textarea-3.0.0-pre.7.tgz#c2fcaa3528ec8d5efb182e5c5daa2068879cbac3"
  dependencies:
    "@polymer/iron-behaviors" "^3.0.0-pre.7"
    "@polymer/iron-flex-layout" "^3.0.0-pre.7"
    "@polymer/iron-validatable-behavior" "^3.0.0-pre.7"
    "@polymer/polymer" "^3.0.0-pre.7"

"@polymer/iron-behaviors@3.0.0-pre.7", "@polymer/iron-behaviors@^3.0.0-pre.7":
  version "3.0.0-pre.7"
  resolved "https://registry.yarnpkg.com/@polymer/iron-behaviors/-/iron-behaviors-3.0.0-pre.7.tgz#7a1405d326e60f658abe94b1914c7d208c36316d"
  dependencies:
    "@polymer/iron-a11y-keys-behavior" "^3.0.0-pre.7"
    "@polymer/polymer" "^3.0.0-pre.7"

"@polymer/iron-checked-element-behavior@3.0.0-pre.7", "@polymer/iron-checked-element-behavior@^3.0.0-pre.7":
  version "3.0.0-pre.7"
  resolved "https://registry.yarnpkg.com/@polymer/iron-checked-element-behavior/-/iron-checked-element-behavior-3.0.0-pre.7.tgz#907612c0718a990fc21a58fbdca0bd3b5c041a4a"
  dependencies:
    "@polymer/iron-form-element-behavior" "^3.0.0-pre.7"
    "@polymer/iron-validatable-behavior" "^3.0.0-pre.7"
    "@polymer/polymer" "^3.0.0-pre.7"

"@polymer/iron-fit-behavior@^3.0.0-pre.7":
  version "3.0.0-pre.7"
  resolved "https://registry.yarnpkg.com/@polymer/iron-fit-behavior/-/iron-fit-behavior-3.0.0-pre.7.tgz#c83525e5380152d208347f4d9a893945d30ae4e5"
  dependencies:
    "@polymer/polymer" "^3.0.0-pre.7"

"@polymer/iron-flex-layout@3.0.0-pre.7", "@polymer/iron-flex-layout@^3.0.0-pre.7":
  version "3.0.0-pre.7"
  resolved "https://registry.yarnpkg.com/@polymer/iron-flex-layout/-/iron-flex-layout-3.0.0-pre.7.tgz#38806ef3b8fe4f9ea8ccfc6062dd3d9314c6a2a8"
  dependencies:
    "@polymer/polymer" "^3.0.0-pre.7"

"@polymer/iron-form-element-behavior@3.0.0-pre.7", "@polymer/iron-form-element-behavior@^3.0.0-pre.7":
  version "3.0.0-pre.7"
  resolved "https://registry.yarnpkg.com/@polymer/iron-form-element-behavior/-/iron-form-element-behavior-3.0.0-pre.7.tgz#de75642246411e06f53b225f150d7218b6b9db4b"
  dependencies:
    "@polymer/polymer" "^3.0.0-pre.7"

"@polymer/iron-icon@^3.0.0-pre.7":
  version "3.0.0-pre.7"
  resolved "https://registry.yarnpkg.com/@polymer/iron-icon/-/iron-icon-3.0.0-pre.7.tgz#2a964c21b3450159abe06d08cb46596484950f06"
  dependencies:
    "@polymer/iron-flex-layout" "^3.0.0-pre.7"
    "@polymer/iron-meta" "^3.0.0-pre.7"
    "@polymer/polymer" "^3.0.0-pre.7"

"@polymer/iron-icons@^3.0.0-pre.7":
  version "3.0.0-pre.7"
  resolved "https://registry.yarnpkg.com/@polymer/iron-icons/-/iron-icons-3.0.0-pre.7.tgz#19d6942ed30ba7241641a9cfc7050907f0c70f10"
  dependencies:
    "@polymer/iron-icon" "^3.0.0-pre.7"
    "@polymer/iron-iconset-svg" "^3.0.0-pre.7"
    "@polymer/polymer" "^3.0.0-pre.7"

"@polymer/iron-iconset-svg@3.0.0-pre.7", "@polymer/iron-iconset-svg@^3.0.0-pre.7":
  version "3.0.0-pre.7"
  resolved "https://registry.yarnpkg.com/@polymer/iron-iconset-svg/-/iron-iconset-svg-3.0.0-pre.7.tgz#a451445942ba5e3254569ae3798a0656ff6912d0"
  dependencies:
    "@polymer/iron-meta" "^3.0.0-pre.7"
    "@polymer/polymer" "^3.0.0-pre.7"

"@polymer/iron-input@^3.0.0-pre.7":
  version "3.0.0-pre.7"
  resolved "https://registry.yarnpkg.com/@polymer/iron-input/-/iron-input-3.0.0-pre.7.tgz#e618bc7f40264eda2b4d58b72458b6730b52c1a1"
  dependencies:
    "@polymer/iron-a11y-announcer" "^3.0.0-pre.7"
    "@polymer/iron-validatable-behavior" "^3.0.0-pre.7"
    "@polymer/polymer" "^3.0.0-pre.7"

"@polymer/iron-location@3.0.0-pre.7", "@polymer/iron-location@^3.0.0-pre.7":
  version "3.0.0-pre.7"
  resolved "https://registry.yarnpkg.com/@polymer/iron-location/-/iron-location-3.0.0-pre.7.tgz#3d6ee5d44fd005b0e728072e73755b263aa80845"
  dependencies:
    "@polymer/polymer" "^3.0.0-pre.7"

"@polymer/iron-media-query@^3.0.0-pre.7":
  version "3.0.0-pre.7"
  resolved "https://registry.yarnpkg.com/@polymer/iron-media-query/-/iron-media-query-3.0.0-pre.7.tgz#cd0da2aee4fe802e65ae41655d79b1ebcc0867da"
  dependencies:
    "@polymer/polymer" "^3.0.0-pre.7"

"@polymer/iron-menu-behavior@^3.0.0-pre.7":
  version "3.0.0-pre.7"
  resolved "https://registry.yarnpkg.com/@polymer/iron-menu-behavior/-/iron-menu-behavior-3.0.0-pre.7.tgz#22109d14b53a3a888b88e06d8b227055e45f0900"
  dependencies:
    "@polymer/iron-a11y-keys-behavior" "^3.0.0-pre.7"
    "@polymer/iron-flex-layout" "^3.0.0-pre.7"
    "@polymer/iron-selector" "^3.0.0-pre.7"
    "@polymer/polymer" "^3.0.0-pre.7"

"@polymer/iron-meta@3.0.0-pre.7", "@polymer/iron-meta@^3.0.0-pre.7":
  version "3.0.0-pre.7"
  resolved "https://registry.yarnpkg.com/@polymer/iron-meta/-/iron-meta-3.0.0-pre.7.tgz#201d330a27440a425a238a66dd1e64e8b7e2ed5f"
  dependencies:
    "@polymer/polymer" "^3.0.0-pre.7"

"@polymer/iron-overlay-behavior@^3.0.0-pre.7":
  version "3.0.0-pre.7"
  resolved "https://registry.yarnpkg.com/@polymer/iron-overlay-behavior/-/iron-overlay-behavior-3.0.0-pre.7.tgz#cab04ffde8ff323816a3ac071d4dc812de19cf76"
  dependencies:
    "@polymer/iron-a11y-keys-behavior" "^3.0.0-pre.7"
    "@polymer/iron-fit-behavior" "^3.0.0-pre.7"
    "@polymer/iron-resizable-behavior" "^3.0.0-pre.7"
    "@polymer/polymer" "^3.0.0-pre.7"

"@polymer/iron-pages@^3.0.0-pre.7":
  version "3.0.0-pre.7"
  resolved "https://registry.yarnpkg.com/@polymer/iron-pages/-/iron-pages-3.0.0-pre.7.tgz#717531d458bbd6b265235459b17c68c3499c6487"
  dependencies:
    "@polymer/iron-resizable-behavior" "^3.0.0-pre.7"
    "@polymer/iron-selector" "^3.0.0-pre.7"
    "@polymer/polymer" "^3.0.0-pre.7"

"@polymer/iron-range-behavior@^3.0.0-pre.7":
  version "3.0.0-pre.8"
  resolved "https://registry.yarnpkg.com/@polymer/iron-range-behavior/-/iron-range-behavior-3.0.0-pre.8.tgz#cb56f955e6588ff25d0195214f3b5d6b07ef6d92"
  dependencies:
    "@polymer/polymer" "^3.0.0-pre.7"

"@polymer/iron-resizable-behavior@3.0.0-pre.7", "@polymer/iron-resizable-behavior@^3.0.0-pre.7":
  version "3.0.0-pre.7"
  resolved "https://registry.yarnpkg.com/@polymer/iron-resizable-behavior/-/iron-resizable-behavior-3.0.0-pre.7.tgz#0162c6a7bff1c002f9af6fb960e5486735ccb883"
  dependencies:
    "@polymer/polymer" "^3.0.0-pre.7"

"@polymer/iron-scroll-target-behavior@^3.0.0-pre.7":
  version "3.0.0-pre.7"
  resolved "https://registry.yarnpkg.com/@polymer/iron-scroll-target-behavior/-/iron-scroll-target-behavior-3.0.0-pre.7.tgz#0cb2c5db4d3087fa884d4204a1c67c014a186977"
  dependencies:
    "@polymer/polymer" "^3.0.0-pre.7"

"@polymer/iron-selector@3.0.0-pre.7", "@polymer/iron-selector@^3.0.0-pre.7":
  version "3.0.0-pre.7"
  resolved "https://registry.yarnpkg.com/@polymer/iron-selector/-/iron-selector-3.0.0-pre.7.tgz#9f1f0e4dc14fdac6858c77aafe627b63f18c4c9f"
  dependencies:
    "@polymer/polymer" "^3.0.0-pre.7"

"@polymer/iron-validatable-behavior@3.0.0-pre.7", "@polymer/iron-validatable-behavior@^3.0.0-pre.7":
  version "3.0.0-pre.7"
  resolved "https://registry.yarnpkg.com/@polymer/iron-validatable-behavior/-/iron-validatable-behavior-3.0.0-pre.7.tgz#f970b1be66d4f0eb68241fc7717a4bde2e167578"
  dependencies:
    "@polymer/iron-meta" "^3.0.0-pre.7"
    "@polymer/polymer" "^3.0.0-pre.7"

"@polymer/paper-behaviors@3.0.0-pre.7", "@polymer/paper-behaviors@^3.0.0-pre.7":
  version "3.0.0-pre.7"
  resolved "https://registry.yarnpkg.com/@polymer/paper-behaviors/-/paper-behaviors-3.0.0-pre.7.tgz#5cb7771c39cc9316213423de5106cf9fbd52dd42"
  dependencies:
    "@polymer/iron-behaviors" "^3.0.0-pre.7"
    "@polymer/iron-checked-element-behavior" "^3.0.0-pre.7"
    "@polymer/paper-ripple" "^3.0.0-pre.7"
    "@polymer/polymer" "^3.0.0-pre.7"

"@polymer/paper-button@^3.0.0-pre.7":
  version "3.0.0-pre.7"
  resolved "https://registry.yarnpkg.com/@polymer/paper-button/-/paper-button-3.0.0-pre.7.tgz#54ff76a7e0ccb7fdcd90f94fc1d815f47a7aa580"
  dependencies:
    "@polymer/iron-flex-layout" "^3.0.0-pre.7"
    "@polymer/paper-behaviors" "^3.0.0-pre.7"
    "@polymer/paper-styles" "^3.0.0-pre.7"
    "@polymer/polymer" "^3.0.0-pre.7"

"@polymer/paper-icon-button@^3.0.0-pre.7":
  version "3.0.0-pre.7"
  resolved "https://registry.yarnpkg.com/@polymer/paper-icon-button/-/paper-icon-button-3.0.0-pre.7.tgz#db070203a58de1ef841b7ffe2972c58b05150e68"
  dependencies:
    "@polymer/iron-icon" "^3.0.0-pre.7"
    "@polymer/paper-behaviors" "^3.0.0-pre.7"
    "@polymer/paper-styles" "^3.0.0-pre.7"
    "@polymer/polymer" "^3.0.0-pre.7"

"@polymer/paper-input@^3.0.0-pre.7":
  version "3.0.0-pre.7"
  resolved "https://registry.yarnpkg.com/@polymer/paper-input/-/paper-input-3.0.0-pre.7.tgz#4b0a80fba80ff0810f73ae31c687b6b66a3511ed"
  dependencies:
    "@polymer/iron-a11y-keys-behavior" "^3.0.0-pre.7"
    "@polymer/iron-autogrow-textarea" "^3.0.0-pre.7"
    "@polymer/iron-behaviors" "^3.0.0-pre.7"
    "@polymer/iron-form-element-behavior" "^3.0.0-pre.7"
    "@polymer/iron-input" "^3.0.0-pre.7"
    "@polymer/paper-styles" "^3.0.0-pre.7"
    "@polymer/polymer" "^3.0.0-pre.7"

"@polymer/paper-material@^3.0.0-pre.7":
  version "3.0.0-pre.7"
  resolved "https://registry.yarnpkg.com/@polymer/paper-material/-/paper-material-3.0.0-pre.7.tgz#c15358e09c47f3f3b364df22534eba1f349d6b21"
  dependencies:
    "@polymer/paper-styles" "^3.0.0-pre.7"
    "@polymer/polymer" "^3.0.0-pre.7"

"@polymer/paper-progress@^3.0.0-pre.8":
  version "3.0.0-pre.8"
  resolved "https://registry.yarnpkg.com/@polymer/paper-progress/-/paper-progress-3.0.0-pre.8.tgz#9fadd3eb41dfa2d0123467d0c979b7a6b014c1ec"
  dependencies:
    "@polymer/iron-flex-layout" "^3.0.0-pre.7"
    "@polymer/iron-range-behavior" "^3.0.0-pre.7"
    "@polymer/paper-styles" "^3.0.0-pre.7"
    "@polymer/polymer" "^3.0.0-pre.7"

"@polymer/paper-ripple@^3.0.0-pre.7":
  version "3.0.0-pre.7"
  resolved "https://registry.yarnpkg.com/@polymer/paper-ripple/-/paper-ripple-3.0.0-pre.7.tgz#8ea300282dc78c5a1f7c00e3d683deec76f3ce85"
  dependencies:
    "@polymer/iron-a11y-keys-behavior" "^3.0.0-pre.7"
    "@polymer/polymer" "^3.0.0-pre.7"

"@polymer/paper-styles@^3.0.0-pre.7":
  version "3.0.0-pre.7"
  resolved "https://registry.yarnpkg.com/@polymer/paper-styles/-/paper-styles-3.0.0-pre.7.tgz#3a0df9190708c227392be11b65205dc5e56fd263"
  dependencies:
    "@polymer/font-roboto" "^3.0.0-pre.7"
    "@polymer/iron-flex-layout" "^3.0.0-pre.7"
    "@polymer/polymer" "^3.0.0-pre.7"

"@polymer/paper-tabs@^3.0.0-pre.7":
  version "3.0.0-pre.7"
  resolved "https://registry.yarnpkg.com/@polymer/paper-tabs/-/paper-tabs-3.0.0-pre.7.tgz#0447367eef9635af7cead8b6ed3529b4fc152d6b"
  dependencies:
    "@polymer/iron-behaviors" "^3.0.0-pre.7"
    "@polymer/iron-flex-layout" "^3.0.0-pre.7"
    "@polymer/iron-icon" "^3.0.0-pre.7"
    "@polymer/iron-iconset-svg" "^3.0.0-pre.7"
    "@polymer/iron-menu-behavior" "^3.0.0-pre.7"
    "@polymer/iron-resizable-behavior" "^3.0.0-pre.7"
    "@polymer/paper-behaviors" "^3.0.0-pre.7"
    "@polymer/paper-icon-button" "^3.0.0-pre.7"
    "@polymer/paper-styles" "^3.0.0-pre.7"
    "@polymer/polymer" "^3.0.0-pre.7"

"@polymer/paper-toast@^3.0.0-pre.7":
  version "3.0.0-pre.7"
  resolved "https://registry.yarnpkg.com/@polymer/paper-toast/-/paper-toast-3.0.0-pre.7.tgz#141382f3547f2d0df22bfc20c37f8c79bf7a6dbd"
  dependencies:
    "@polymer/iron-a11y-announcer" "^3.0.0-pre.7"
    "@polymer/iron-fit-behavior" "^3.0.0-pre.7"
    "@polymer/iron-overlay-behavior" "^3.0.0-pre.7"
    "@polymer/polymer" "^3.0.0-pre.7"

"@polymer/polymer@3.0.0-pre.7", "@polymer/polymer@^3.0.0-pre.1", "@polymer/polymer@^3.0.0-pre.7":
  version "3.0.0-pre.7"
  resolved "https://registry.yarnpkg.com/@polymer/polymer/-/polymer-3.0.0-pre.7.tgz#c1e9720e47fae91d5e79f40064c12c97df19935f"
  dependencies:
    "@webcomponents/shadycss" "^1.0.0"
    "@webcomponents/webcomponentsjs" "^1.0.0"

"@ucd-lib/cork-app-state@0.0.13":
  version "0.0.13"
  resolved "https://registry.yarnpkg.com/@ucd-lib/cork-app-state/-/cork-app-state-0.0.13.tgz#66c16dee0d28290037297b35ac94f6b1aac71862"
  dependencies:
    "@polymer/app-route" "^3.0.0-pre.1"
    "@polymer/polymer" "^3.0.0-pre.1"
    "@ucd-lib/cork-app-utils" "^2.0.3"
    query-string "^5.0.1"

"@ucd-lib/cork-app-utils@2.0.4", "@ucd-lib/cork-app-utils@^2.0.3":
  version "2.0.4"
  resolved "https://registry.yarnpkg.com/@ucd-lib/cork-app-utils/-/cork-app-utils-2.0.4.tgz#5baf247e6085f1b369bfdbe943ddb0181de3d36c"
  dependencies:
    isomorphic-fetch "^2.2.1"

"@webcomponents/shadycss@^1.0.0":
  version "1.1.1"
  resolved "https://registry.yarnpkg.com/@webcomponents/shadycss/-/shadycss-1.1.1.tgz#abc821961c99a2b1c5e0f225cd01b139899ebc4c"

"@webcomponents/webcomponentsjs@^1.0.0", "@webcomponents/webcomponentsjs@^1.0.12":
  version "1.1.0"
  resolved "https://registry.yarnpkg.com/@webcomponents/webcomponentsjs/-/webcomponentsjs-1.1.0.tgz#1392799c266fca142622a720176f688beb74d181"

abbrev@1:
  version "1.1.1"
  resolved "https://registry.yarnpkg.com/abbrev/-/abbrev-1.1.1.tgz#f8f2c887ad10bf67f634f005b6987fed3179aac8"

clipboard@^1.7.1:
  version "1.7.1"
  resolved "https://registry.yarnpkg.com/clipboard/-/clipboard-1.7.1.tgz#360d6d6946e99a7a1fef395e42ba92b5e9b5a16b"
  dependencies:
    good-listener "^1.2.2"
    select "^1.1.2"
    tiny-emitter "^2.0.0"

cork-pagination@cork-elements/cork-pagination:
  version "0.0.0"
  resolved "https://codeload.github.com/cork-elements/cork-pagination/tar.gz/001da33bd8c14869312fba62cda4abc8ff3dbb5f"

decode-uri-component@^0.2.0:
  version "0.2.0"
  resolved "https://registry.yarnpkg.com/decode-uri-component/-/decode-uri-component-0.2.0.tgz#eb3913333458775cb84cd1a1fae062106bb87545"

delegate@^3.1.2:
  version "3.2.0"
  resolved "https://registry.yarnpkg.com/delegate/-/delegate-3.2.0.tgz#b66b71c3158522e8ab5744f720d8ca0c2af59166"

encoding@^0.1.11:
  version "0.1.12"
  resolved "https://registry.yarnpkg.com/encoding/-/encoding-0.1.12.tgz#538b66f3ee62cd1ab51ec323829d1f9480c74beb"
  dependencies:
    iconv-lite "~0.4.13"

github-markdown-css@^2.10.0:
  version "2.10.0"
  resolved "https://registry.yarnpkg.com/github-markdown-css/-/github-markdown-css-2.10.0.tgz#0612fed22816b33b282f37ef8def7a4ecabfe993"

good-listener@^1.2.2:
  version "1.2.2"
  resolved "https://registry.yarnpkg.com/good-listener/-/good-listener-1.2.2.tgz#d53b30cdf9313dffb7dc9a0d477096aa6d145c50"
  dependencies:
    delegate "^3.1.2"

google-charts@^1.0.0:
  version "1.0.0"
  resolved "https://registry.yarnpkg.com/google-charts/-/google-charts-1.0.0.tgz#a7c49ae8940f35ad21182757e6552c99a5e44632"

iconv-lite@~0.4.13:
  version "0.4.19"
  resolved "https://registry.yarnpkg.com/iconv-lite/-/iconv-lite-0.4.19.tgz#f7468f60135f5e5dad3399c0a81be9a1603a082b"

is-stream@^1.0.1:
  version "1.1.0"
  resolved "https://registry.yarnpkg.com/is-stream/-/is-stream-1.1.0.tgz#12d4a3dd4e68e0b79ceb8dbc84173ae80d91ca44"

isomorphic-fetch@^2.2.1:
  version "2.2.1"
  resolved "https://registry.yarnpkg.com/isomorphic-fetch/-/isomorphic-fetch-2.2.1.tgz#611ae1acf14f5e81f729507472819fe9733558a9"
  dependencies:
    node-fetch "^1.0.1"
    whatwg-fetch ">=0.10.0"

markdown@^0.5.0:
  version "0.5.0"
  resolved "https://registry.yarnpkg.com/markdown/-/markdown-0.5.0.tgz#28205b565a8ae7592de207463d6637dc182722b2"
  dependencies:
    nopt "~2.1.1"

node-fetch@^1.0.1:
  version "1.7.3"
  resolved "https://registry.yarnpkg.com/node-fetch/-/node-fetch-1.7.3.tgz#980f6f72d85211a5347c6b2bc18c5b84c3eb47ef"
  dependencies:
    encoding "^0.1.11"
    is-stream "^1.0.1"

nopt@~2.1.1:
  version "2.1.2"
  resolved "https://registry.yarnpkg.com/nopt/-/nopt-2.1.2.tgz#6cccd977b80132a07731d6e8ce58c2c8303cf9af"
  dependencies:
    abbrev "1"

object-assign@^4.1.0:
  version "4.1.1"
  resolved "https://registry.yarnpkg.com/object-assign/-/object-assign-4.1.1.tgz#2109adc7965887cfc05cbbd442cac8bfbb360863"

prismjs@^1.10.0:
  version "1.10.0"
  resolved "https://registry.yarnpkg.com/prismjs/-/prismjs-1.10.0.tgz#77e5187c2ae6b3253fcc313029cf25fe53778721"
  optionalDependencies:
    clipboard "^1.7.1"

query-string@^5.0.1:
  version "5.0.1"
  resolved "https://registry.yarnpkg.com/query-string/-/query-string-5.0.1.tgz#6e2b86fe0e08aef682ecbe86e85834765402bd88"
  dependencies:
    decode-uri-component "^0.2.0"
    object-assign "^4.1.0"
    strict-uri-encode "^1.0.0"

select@^1.1.2:
  version "1.1.2"
  resolved "https://registry.yarnpkg.com/select/-/select-1.1.2.tgz#0e7350acdec80b1108528786ec1d4418d11b396d"

strict-uri-encode@^1.0.0:
  version "1.1.0"
  resolved "https://registry.yarnpkg.com/strict-uri-encode/-/strict-uri-encode-1.1.0.tgz#279b225df1d582b1f54e65addd4352e18faa0713"

tiny-emitter@^2.0.0:
  version "2.0.2"
  resolved "https://registry.yarnpkg.com/tiny-emitter/-/tiny-emitter-2.0.2.tgz#82d27468aca5ade8e5fd1e6d22b57dd43ebdfb7c"

uuid@^3.1.0:
  version "3.2.1"
  resolved "https://registry.yarnpkg.com/uuid/-/uuid-3.2.1.tgz#12c528bb9d58d0b9265d9a2f6f0fe8be17ff1f14"

vaadin-upload@^3.0.0-beta1:
  version "3.0.0-beta1"
  resolved "https://registry.yarnpkg.com/vaadin-upload/-/vaadin-upload-3.0.0-beta1.tgz#7f566703546b4298a2580a57593e46e9539b1c55"

whatwg-fetch@>=0.10.0:
  version "2.0.3"
  resolved "https://registry.yarnpkg.com/whatwg-fetch/-/whatwg-fetch-2.0.3.tgz#9c84ec2dcf68187ff00bc64e1274b442176e1c84"
