# THIS IS AN AUTOGENERATED FILE. DO NOT EDIT THIS FILE DIRECTLY.
# yarn lockfile v1


"@polymer/app-layout@3.0.0-pre.1":
  version "3.0.0-pre.1"
  resolved "https://registry.yarnpkg.com/@polymer/app-layout/-/app-layout-3.0.0-pre.1.tgz#612df4d04fd76d36350547aba65920a4a9050f85"
  dependencies:
    "@polymer/iron-flex-layout" "^3.0.0-pre.1"
    "@polymer/iron-media-query" "^3.0.0-pre.1"
    "@polymer/iron-resizable-behavior" "^3.0.0-pre.1"
    "@polymer/iron-scroll-target-behavior" "^3.0.0-pre.1"
    "@polymer/polymer" "^3.0.0-pre.1"

"@polymer/app-route@3.0.0-pre.1", "@polymer/app-route@^3.0.0-pre.1":
  version "3.0.0-pre.1"
  resolved "https://registry.yarnpkg.com/@polymer/app-route/-/app-route-3.0.0-pre.1.tgz#4fc8f895f899e38461413f4ed1dfa8520aee4396"
  dependencies:
    "@polymer/iron-location" "^3.0.0-pre.1"
    "@polymer/polymer" "^3.0.0-pre.1"

"@polymer/font-roboto@3.0.0-pre.1", "@polymer/font-roboto@^3.0.0-pre.1":
  version "3.0.0-pre.1"
  resolved "https://registry.yarnpkg.com/@polymer/font-roboto/-/font-roboto-3.0.0-pre.1.tgz#3b989a3b7c7d7351d4d816f8136d708512b0bd10"

"@polymer/iron-a11y-announcer@3.0.0-pre.1", "@polymer/iron-a11y-announcer@^3.0.0-pre.1":
  version "3.0.0-pre.1"
  resolved "https://registry.yarnpkg.com/@polymer/iron-a11y-announcer/-/iron-a11y-announcer-3.0.0-pre.1.tgz#ee08cd850d2880bb19533523a57318b609761aa7"
  dependencies:
    "@polymer/polymer" "^3.0.0-pre.1"

"@polymer/iron-a11y-keys-behavior@^3.0.0-pre.1", "@polymer/iron-a11y-keys-behavior@^3.0.0-pre.4":
  version "3.0.0-pre.4"
  resolved "https://registry.yarnpkg.com/@polymer/iron-a11y-keys-behavior/-/iron-a11y-keys-behavior-3.0.0-pre.4.tgz#900a605640e9d65117c7662a657528c525780bd4"
  dependencies:
    "@polymer/polymer" "^3.0.0-pre.4"

"@polymer/iron-autogrow-textarea@3.0.0-pre.1", "@polymer/iron-autogrow-textarea@^3.0.0-pre.1":
  version "3.0.0-pre.1"
  resolved "https://registry.yarnpkg.com/@polymer/iron-autogrow-textarea/-/iron-autogrow-textarea-3.0.0-pre.1.tgz#d9cf2f40d759acc27e9b70338bb55b35f07c27d3"
  dependencies:
    "@polymer/iron-behaviors" "^3.0.0-pre.1"
    "@polymer/iron-flex-layout" "^3.0.0-pre.1"
    "@polymer/iron-validatable-behavior" "^3.0.0-pre.1"
    "@polymer/polymer" "^3.0.0-pre.1"

"@polymer/iron-behaviors@^3.0.0-pre.1", "@polymer/iron-behaviors@^3.0.0-pre.4":
  version "3.0.0-pre.4"
  resolved "https://registry.yarnpkg.com/@polymer/iron-behaviors/-/iron-behaviors-3.0.0-pre.4.tgz#359122ef6ced934c1c6ee6b75e693854186ebde9"
  dependencies:
    "@polymer/iron-a11y-keys-behavior" "^3.0.0-pre.4"
    "@polymer/polymer" "^3.0.0-pre.4"

"@polymer/iron-checked-element-behavior@^3.0.0-pre.4":
  version "3.0.0-pre.4"
  resolved "https://registry.yarnpkg.com/@polymer/iron-checked-element-behavior/-/iron-checked-element-behavior-3.0.0-pre.4.tgz#f41e2c83647e01d6e076b4a3b52a19844254d0e2"
  dependencies:
    "@polymer/iron-form-element-behavior" "^3.0.0-pre.4"
    "@polymer/iron-validatable-behavior" "^3.0.0-pre.4"
    "@polymer/polymer" "^3.0.0-pre.4"

"@polymer/iron-fit-behavior@^3.0.0-pre.1", "@polymer/iron-fit-behavior@^3.0.0-pre.4":
  version "3.0.0-pre.4"
  resolved "https://registry.yarnpkg.com/@polymer/iron-fit-behavior/-/iron-fit-behavior-3.0.0-pre.4.tgz#3c07b6f387c7fa0f89fd60f969576b1bfed75cd4"
  dependencies:
    "@polymer/polymer" "^3.0.0-pre.4"

"@polymer/iron-flex-layout@^3.0.0-pre.1", "@polymer/iron-flex-layout@^3.0.0-pre.4":
  version "3.0.0-pre.4"
  resolved "https://registry.yarnpkg.com/@polymer/iron-flex-layout/-/iron-flex-layout-3.0.0-pre.4.tgz#a2864a484ee5d6d0f742c45665a9094248b15365"
  dependencies:
    "@polymer/polymer" "^3.0.0-pre.4"

"@polymer/iron-form-element-behavior@^3.0.0-pre.1", "@polymer/iron-form-element-behavior@^3.0.0-pre.4":
  version "3.0.0-pre.4"
  resolved "https://registry.yarnpkg.com/@polymer/iron-form-element-behavior/-/iron-form-element-behavior-3.0.0-pre.4.tgz#f106fa6ab0501e37ff1a20f0c763fd4ddfb58205"
  dependencies:
    "@polymer/polymer" "^3.0.0-pre.4"

"@polymer/iron-icon@3.0.0-pre.1", "@polymer/iron-icon@^3.0.0-pre.1":
  version "3.0.0-pre.1"
  resolved "https://registry.yarnpkg.com/@polymer/iron-icon/-/iron-icon-3.0.0-pre.1.tgz#b324f92120b1aaab43b4919c90cd2a64784a5b16"
  dependencies:
    "@polymer/iron-flex-layout" "^3.0.0-pre.1"
    "@polymer/iron-meta" "^3.0.0-pre.1"
    "@polymer/polymer" "^3.0.0-pre.1"

"@polymer/iron-icons@3.0.0-pre.1":
  version "3.0.0-pre.1"
  resolved "https://registry.yarnpkg.com/@polymer/iron-icons/-/iron-icons-3.0.0-pre.1.tgz#3e4b3fd9d1264465225fb89ff2daf171a1e3c37d"
  dependencies:
    "@polymer/iron-icon" "^3.0.0-pre.1"
    "@polymer/iron-iconset-svg" "^3.0.0-pre.1"
    "@polymer/polymer" "^3.0.0-pre.1"

"@polymer/iron-iconset-svg@^3.0.0-pre.1":
  version "3.0.0-pre.4"
  resolved "https://registry.yarnpkg.com/@polymer/iron-iconset-svg/-/iron-iconset-svg-3.0.0-pre.4.tgz#33d097a79bb96f09611a7667abf8dc38678bcb90"
  dependencies:
    "@polymer/iron-meta" "^3.0.0-pre.4"
    "@polymer/polymer" "^3.0.0-pre.4"

"@polymer/iron-input@3.0.0-pre.1", "@polymer/iron-input@^3.0.0-pre.1":
  version "3.0.0-pre.1"
  resolved "https://registry.yarnpkg.com/@polymer/iron-input/-/iron-input-3.0.0-pre.1.tgz#b8e0563353ce101fadb619ed55af84882d19f73d"
  dependencies:
    "@polymer/iron-a11y-announcer" "^3.0.0-pre.1"
    "@polymer/iron-validatable-behavior" "^3.0.0-pre.1"
    "@polymer/polymer" "^3.0.0-pre.1"

"@polymer/iron-location@^3.0.0-pre.1":
  version "3.0.0-pre.4"
  resolved "https://registry.yarnpkg.com/@polymer/iron-location/-/iron-location-3.0.0-pre.4.tgz#5efe16509d457a8a8aee68da461b1075776ad6ab"
  dependencies:
    "@polymer/polymer" "^3.0.0-pre.4"

"@polymer/iron-media-query@^3.0.0-pre.1":
  version "3.0.0-pre.4"
  resolved "https://registry.yarnpkg.com/@polymer/iron-media-query/-/iron-media-query-3.0.0-pre.4.tgz#21f16bad052240acade688b7ae3fc80827b576b7"
  dependencies:
    "@polymer/polymer" "^3.0.0-pre.4"

"@polymer/iron-menu-behavior@^3.0.0-pre.1":
  version "3.0.0-pre.4"
  resolved "https://registry.yarnpkg.com/@polymer/iron-menu-behavior/-/iron-menu-behavior-3.0.0-pre.4.tgz#e1f1abd5ae0ad612cd08565a136f2a28ff0323b1"
  dependencies:
    "@polymer/iron-a11y-keys-behavior" "^3.0.0-pre.4"
    "@polymer/iron-flex-layout" "^3.0.0-pre.4"
    "@polymer/iron-selector" "^3.0.0-pre.4"
    "@polymer/polymer" "^3.0.0-pre.4"

"@polymer/iron-meta@^3.0.0-pre.1", "@polymer/iron-meta@^3.0.0-pre.4":
  version "3.0.0-pre.4"
  resolved "https://registry.yarnpkg.com/@polymer/iron-meta/-/iron-meta-3.0.0-pre.4.tgz#238c5a4dcfd3a2049f7b78aab76c18ec1e0196a8"
  dependencies:
    "@polymer/polymer" "^3.0.0-pre.4"

"@polymer/iron-overlay-behavior@3.0.0-pre.1", "@polymer/iron-overlay-behavior@^3.0.0-pre.1":
  version "3.0.0-pre.1"
  resolved "https://registry.yarnpkg.com/@polymer/iron-overlay-behavior/-/iron-overlay-behavior-3.0.0-pre.1.tgz#33c85769ee3b24340b57d2bd2e345248642b5090"
  dependencies:
    "@polymer/iron-a11y-keys-behavior" "^3.0.0-pre.1"
    "@polymer/iron-fit-behavior" "^3.0.0-pre.1"
    "@polymer/iron-resizable-behavior" "^3.0.0-pre.1"
    "@polymer/polymer" "^3.0.0-pre.1"

"@polymer/iron-pages@3.0.0-pre.1":
  version "3.0.0-pre.1"
  resolved "https://registry.yarnpkg.com/@polymer/iron-pages/-/iron-pages-3.0.0-pre.1.tgz#a25c1b8f1b653d489b59a5aba967c7dfca4993dc"
  dependencies:
    "@polymer/iron-resizable-behavior" "^3.0.0-pre.1"
    "@polymer/iron-selector" "^3.0.0-pre.1"
    "@polymer/polymer" "^3.0.0-pre.1"

"@polymer/iron-resizable-behavior@^3.0.0-pre.1", "@polymer/iron-resizable-behavior@^3.0.0-pre.4":
  version "3.0.0-pre.4"
  resolved "https://registry.yarnpkg.com/@polymer/iron-resizable-behavior/-/iron-resizable-behavior-3.0.0-pre.4.tgz#d221303a4ded1c3a7374b9dfe76e7a5a922f0347"
  dependencies:
    "@polymer/polymer" "^3.0.0-pre.4"

"@polymer/iron-scroll-target-behavior@^3.0.0-pre.1":
  version "3.0.0-pre.4"
  resolved "https://registry.yarnpkg.com/@polymer/iron-scroll-target-behavior/-/iron-scroll-target-behavior-3.0.0-pre.4.tgz#ab938e335b51bd821a6d0fa305717b5cf6174b26"
  dependencies:
    "@polymer/polymer" "^3.0.0-pre.4"

"@polymer/iron-selector@^3.0.0-pre.1", "@polymer/iron-selector@^3.0.0-pre.4":
  version "3.0.0-pre.4"
  resolved "https://registry.yarnpkg.com/@polymer/iron-selector/-/iron-selector-3.0.0-pre.4.tgz#e2c80717bdd4b736e837bc6c27701125fa78b07d"
  dependencies:
    "@polymer/polymer" "^3.0.0-pre.4"

"@polymer/iron-validatable-behavior@^3.0.0-pre.1", "@polymer/iron-validatable-behavior@^3.0.0-pre.4":
  version "3.0.0-pre.4"
  resolved "https://registry.yarnpkg.com/@polymer/iron-validatable-behavior/-/iron-validatable-behavior-3.0.0-pre.4.tgz#2ea0c22954a53d5e47817dbe346974f0d76e63e3"
  dependencies:
    "@polymer/iron-meta" "^3.0.0-pre.4"
    "@polymer/polymer" "^3.0.0-pre.4"

"@polymer/paper-behaviors@^3.0.0-pre.1":
  version "3.0.0-pre.4"
  resolved "https://registry.yarnpkg.com/@polymer/paper-behaviors/-/paper-behaviors-3.0.0-pre.4.tgz#9ade5b53bbdb4e7d4669674f49038a5f1a8b8489"
  dependencies:
    "@polymer/iron-behaviors" "^3.0.0-pre.4"
    "@polymer/iron-checked-element-behavior" "^3.0.0-pre.4"
    "@polymer/paper-ripple" "^3.0.0-pre.4"
    "@polymer/polymer" "^3.0.0-pre.4"

"@polymer/paper-button@3.0.0-pre.1":
  version "3.0.0-pre.1"
  resolved "https://registry.yarnpkg.com/@polymer/paper-button/-/paper-button-3.0.0-pre.1.tgz#3376fb2fc543d9b09f752d8da856c80292de0e6a"
  dependencies:
    "@polymer/iron-flex-layout" "^3.0.0-pre.1"
    "@polymer/paper-behaviors" "^3.0.0-pre.1"
    "@polymer/paper-styles" "^3.0.0-pre.1"
    "@polymer/polymer" "^3.0.0-pre.1"

"@polymer/paper-icon-button@3.0.0-pre.1", "@polymer/paper-icon-button@^3.0.0-pre.1":
  version "3.0.0-pre.1"
  resolved "https://registry.yarnpkg.com/@polymer/paper-icon-button/-/paper-icon-button-3.0.0-pre.1.tgz#f0617d177c9478a676eab808cc882978f1031366"
  dependencies:
    "@polymer/iron-icon" "^3.0.0-pre.1"
    "@polymer/paper-behaviors" "^3.0.0-pre.1"
    "@polymer/paper-styles" "^3.0.0-pre.1"
    "@polymer/polymer" "^3.0.0-pre.1"

"@polymer/paper-input@3.0.0-pre.1":
  version "3.0.0-pre.1"
  resolved "https://registry.yarnpkg.com/@polymer/paper-input/-/paper-input-3.0.0-pre.1.tgz#d93ca8f5b70b821be5b19341b60092df7ca16fa8"
  dependencies:
    "@polymer/iron-a11y-keys-behavior" "^3.0.0-pre.1"
    "@polymer/iron-autogrow-textarea" "^3.0.0-pre.1"
    "@polymer/iron-behaviors" "^3.0.0-pre.1"
    "@polymer/iron-form-element-behavior" "^3.0.0-pre.1"
    "@polymer/iron-input" "^3.0.0-pre.1"
    "@polymer/paper-styles" "^3.0.0-pre.1"
    "@polymer/polymer" "^3.0.0-pre.1"

"@polymer/paper-material@3.0.0-pre.1":
  version "3.0.0-pre.1"
  resolved "https://registry.yarnpkg.com/@polymer/paper-material/-/paper-material-3.0.0-pre.1.tgz#eb0e48ddfd187c5138d4596a2b3ed400c7ea4b05"
  dependencies:
    "@polymer/paper-styles" "^3.0.0-pre.1"
    "@polymer/polymer" "^3.0.0-pre.1"

"@polymer/paper-ripple@3.0.0-pre.1", "@polymer/paper-ripple@^3.0.0-pre.4":
  version "3.0.0-pre.1"
  resolved "https://registry.yarnpkg.com/@polymer/paper-ripple/-/paper-ripple-3.0.0-pre.1.tgz#67e692ea2c6d91d4f5f5bdf998dbd8a52acd9efa"
  dependencies:
    "@polymer/iron-a11y-keys-behavior" "^3.0.0-pre.1"
    "@polymer/polymer" "^3.0.0-pre.1"

"@polymer/paper-styles@3.0.0-pre.1", "@polymer/paper-styles@^3.0.0-pre.1":
  version "3.0.0-pre.1"
  resolved "https://registry.yarnpkg.com/@polymer/paper-styles/-/paper-styles-3.0.0-pre.1.tgz#333fd04f5052733ebc10e3a08a59f07b5586af13"
  dependencies:
    "@polymer/font-roboto" "^3.0.0-pre.1"
    "@polymer/iron-flex-layout" "^3.0.0-pre.1"
    "@polymer/polymer" "^3.0.0-pre.1"

"@polymer/paper-tabs@3.0.0-pre.1":
  version "3.0.0-pre.1"
  resolved "https://registry.yarnpkg.com/@polymer/paper-tabs/-/paper-tabs-3.0.0-pre.1.tgz#c309354b0b45ff241d7fcad88b7c3d857eae8d9d"
  dependencies:
    "@polymer/iron-behaviors" "^3.0.0-pre.1"
    "@polymer/iron-flex-layout" "^3.0.0-pre.1"
    "@polymer/iron-icon" "^3.0.0-pre.1"
    "@polymer/iron-iconset-svg" "^3.0.0-pre.1"
    "@polymer/iron-menu-behavior" "^3.0.0-pre.1"
    "@polymer/iron-resizable-behavior" "^3.0.0-pre.1"
    "@polymer/paper-behaviors" "^3.0.0-pre.1"
    "@polymer/paper-icon-button" "^3.0.0-pre.1"
    "@polymer/paper-styles" "^3.0.0-pre.1"
    "@polymer/polymer" "^3.0.0-pre.1"

"@polymer/paper-toast@3.0.0-pre.1":
  version "3.0.0-pre.1"
  resolved "https://registry.yarnpkg.com/@polymer/paper-toast/-/paper-toast-3.0.0-pre.1.tgz#680fe4c990713b2dcce373a600dad859fbc45deb"
  dependencies:
    "@polymer/iron-a11y-announcer" "^3.0.0-pre.1"
    "@polymer/iron-fit-behavior" "^3.0.0-pre.1"
    "@polymer/iron-overlay-behavior" "^3.0.0-pre.1"
    "@polymer/polymer" "^3.0.0-pre.1"

"@polymer/polymer@3.0.0-pre.1", "@polymer/polymer@^3.0.0-pre.1", "@polymer/polymer@^3.0.0-pre.4":
  version "3.0.0-pre.1"
  resolved "https://registry.yarnpkg.com/@polymer/polymer/-/polymer-3.0.0-pre.1.tgz#9fc26b5259aad9265f324ced02de715991d2eabe"
  dependencies:
    "@webcomponents/shadycss" "^1.0.0"
    "@webcomponents/webcomponentsjs" "^1.0.0"

"@ucd-lib/cork-app-state@0.0.13":
  version "0.0.13"
  resolved "https://registry.yarnpkg.com/@ucd-lib/cork-app-state/-/cork-app-state-0.0.13.tgz#66c16dee0d28290037297b35ac94f6b1aac71862"
  dependencies:
    "@polymer/app-route" "^3.0.0-pre.1"
    "@polymer/polymer" "^3.0.0-pre.1"
    "@ucd-lib/cork-app-utils" "^2.0.3"
    query-string "^5.0.1"

"@ucd-lib/cork-app-utils@2.0.4", "@ucd-lib/cork-app-utils@^2.0.3":
  version "2.0.4"
  resolved "https://registry.yarnpkg.com/@ucd-lib/cork-app-utils/-/cork-app-utils-2.0.4.tgz#5baf247e6085f1b369bfdbe943ddb0181de3d36c"
  dependencies:
    isomorphic-fetch "^2.2.1"

"@webcomponents/shadycss@^1.0.0":
  version "1.1.0"
  resolved "https://registry.yarnpkg.com/@webcomponents/shadycss/-/shadycss-1.1.0.tgz#3a31b062d6f0837b2a34bec1edea8b6fb046b2eb"

"@webcomponents/webcomponentsjs@^1.0.0", "@webcomponents/webcomponentsjs@^1.0.12":
  version "1.0.22"
  resolved "https://registry.yarnpkg.com/@webcomponents/webcomponentsjs/-/webcomponentsjs-1.0.22.tgz#a9fed9f346d81dab738b0c3e04614ee6303a24b6"

abbrev@1:
  version "1.1.1"
  resolved "https://registry.yarnpkg.com/abbrev/-/abbrev-1.1.1.tgz#f8f2c887ad10bf67f634f005b6987fed3179aac8"

decode-uri-component@^0.2.0:
  version "0.2.0"
  resolved "https://registry.yarnpkg.com/decode-uri-component/-/decode-uri-component-0.2.0.tgz#eb3913333458775cb84cd1a1fae062106bb87545"

encoding@^0.1.11:
  version "0.1.12"
  resolved "https://registry.yarnpkg.com/encoding/-/encoding-0.1.12.tgz#538b66f3ee62cd1ab51ec323829d1f9480c74beb"
  dependencies:
    iconv-lite "~0.4.13"

google-charts@^1.0.0:
  version "1.0.0"
  resolved "https://registry.yarnpkg.com/google-charts/-/google-charts-1.0.0.tgz#a7c49ae8940f35ad21182757e6552c99a5e44632"

iconv-lite@~0.4.13:
  version "0.4.19"
  resolved "https://registry.yarnpkg.com/iconv-lite/-/iconv-lite-0.4.19.tgz#f7468f60135f5e5dad3399c0a81be9a1603a082b"

is-stream@^1.0.1:
  version "1.1.0"
  resolved "https://registry.yarnpkg.com/is-stream/-/is-stream-1.1.0.tgz#12d4a3dd4e68e0b79ceb8dbc84173ae80d91ca44"

isomorphic-fetch@^2.2.1:
  version "2.2.1"
  resolved "https://registry.yarnpkg.com/isomorphic-fetch/-/isomorphic-fetch-2.2.1.tgz#611ae1acf14f5e81f729507472819fe9733558a9"
  dependencies:
    node-fetch "^1.0.1"
    whatwg-fetch ">=0.10.0"

markdown@^0.5.0:
  version "0.5.0"
  resolved "https://registry.yarnpkg.com/markdown/-/markdown-0.5.0.tgz#28205b565a8ae7592de207463d6637dc182722b2"
  dependencies:
    nopt "~2.1.1"

node-fetch@^1.0.1:
  version "1.7.3"
  resolved "https://registry.yarnpkg.com/node-fetch/-/node-fetch-1.7.3.tgz#980f6f72d85211a5347c6b2bc18c5b84c3eb47ef"
  dependencies:
    encoding "^0.1.11"
    is-stream "^1.0.1"

nopt@~2.1.1:
  version "2.1.2"
  resolved "https://registry.yarnpkg.com/nopt/-/nopt-2.1.2.tgz#6cccd977b80132a07731d6e8ce58c2c8303cf9af"
  dependencies:
    abbrev "1"

object-assign@^4.1.0:
  version "4.1.1"
  resolved "https://registry.yarnpkg.com/object-assign/-/object-assign-4.1.1.tgz#2109adc7965887cfc05cbbd442cac8bfbb360863"

query-string@^5.0.1:
  version "5.0.1"
  resolved "https://registry.yarnpkg.com/query-string/-/query-string-5.0.1.tgz#6e2b86fe0e08aef682ecbe86e85834765402bd88"
  dependencies:
    decode-uri-component "^0.2.0"
    object-assign "^4.1.0"
    strict-uri-encode "^1.0.0"

strict-uri-encode@^1.0.0:
  version "1.1.0"
  resolved "https://registry.yarnpkg.com/strict-uri-encode/-/strict-uri-encode-1.1.0.tgz#279b225df1d582b1f54e65addd4352e18faa0713"

uuid@^3.1.0:
  version "3.2.1"
  resolved "https://registry.yarnpkg.com/uuid/-/uuid-3.2.1.tgz#12c528bb9d58d0b9265d9a2f6f0fe8be17ff1f14"

whatwg-fetch@>=0.10.0:
  version "2.0.3"
  resolved "https://registry.yarnpkg.com/whatwg-fetch/-/whatwg-fetch-2.0.3.tgz#9c84ec2dcf68187ff00bc64e1274b442176e1c84"
