# THIS IS AN AUTOGENERATED FILE. DO NOT EDIT THIS FILE DIRECTLY.
# yarn lockfile v1


"@babel/polyfill@^7.0.0-beta.46":
  version "7.0.0-beta.46"
  resolved "https://registry.yarnpkg.com/@babel/polyfill/-/polyfill-7.0.0-beta.46.tgz#5a4203a3abee8ddfb80afd3cf6f5ff1391750695"
  dependencies:
    core-js "^2.5.3"
    regenerator-runtime "^0.11.1"

"@polymer/app-layout@^3.0.0-pre.19":
  version "3.0.0-pre.19"
  resolved "https://registry.yarnpkg.com/@polymer/app-layout/-/app-layout-3.0.0-pre.19.tgz#76b0ace980fa3033ffa4810b931a58d29fc48b33"
  dependencies:
    "@polymer/iron-flex-layout" "^3.0.0-pre.19"
    "@polymer/iron-media-query" "^3.0.0-pre.19"
    "@polymer/iron-resizable-behavior" "^3.0.0-pre.19"
    "@polymer/iron-scroll-target-behavior" "^3.0.0-pre.19"
    "@polymer/polymer" "^3.0.0"

"@polymer/app-route@^3.0.0-pre.1", "@polymer/app-route@^3.0.0-pre.19":
  version "3.0.0-pre.19"
  resolved "https://registry.yarnpkg.com/@polymer/app-route/-/app-route-3.0.0-pre.19.tgz#4e0b4830bfbf1f4360a1678c907108eb6bb73aa0"
  dependencies:
    "@polymer/iron-location" "^3.0.0-pre.19"
    "@polymer/polymer" "^3.0.0"

"@polymer/font-roboto@^3.0.0-pre.19":
  version "3.0.0-pre.19"
  resolved "https://registry.yarnpkg.com/@polymer/font-roboto/-/font-roboto-3.0.0-pre.19.tgz#d67384a000eebb2632c00c268182a8528aca4a7c"

"@polymer/iron-a11y-announcer@^3.0.0-pre.19":
  version "3.0.0-pre.19"
  resolved "https://registry.yarnpkg.com/@polymer/iron-a11y-announcer/-/iron-a11y-announcer-3.0.0-pre.19.tgz#6a3b724df1e1cfda6f1270c359136d3e55ed7363"
  dependencies:
    "@polymer/polymer" "^3.0.0"

"@polymer/iron-a11y-keys-behavior@^3.0.0-pre.19":
  version "3.0.0-pre.19"
  resolved "https://registry.yarnpkg.com/@polymer/iron-a11y-keys-behavior/-/iron-a11y-keys-behavior-3.0.0-pre.19.tgz#4a335111c773af9c4376237be483ee196ab2d966"
  dependencies:
    "@polymer/polymer" "^3.0.0"

"@polymer/iron-autogrow-textarea@^3.0.0-pre.19":
  version "3.0.0-pre.19"
  resolved "https://registry.yarnpkg.com/@polymer/iron-autogrow-textarea/-/iron-autogrow-textarea-3.0.0-pre.19.tgz#968f421aafd098fd29167423b893427b63d9ac21"
  dependencies:
    "@polymer/iron-behaviors" "^3.0.0-pre.19"
    "@polymer/iron-flex-layout" "^3.0.0-pre.19"
    "@polymer/iron-validatable-behavior" "^3.0.0-pre.19"
    "@polymer/polymer" "^3.0.0"

"@polymer/iron-behaviors@^3.0.0-pre.19":
  version "3.0.0-pre.19"
  resolved "https://registry.yarnpkg.com/@polymer/iron-behaviors/-/iron-behaviors-3.0.0-pre.19.tgz#0f44cf7068f9d581b896980f18556706ea0c6eaa"
  dependencies:
    "@polymer/iron-a11y-keys-behavior" "^3.0.0-pre.19"
    "@polymer/polymer" "^3.0.0"

"@polymer/iron-checked-element-behavior@^3.0.0-pre.19":
  version "3.0.0-pre.19"
  resolved "https://registry.yarnpkg.com/@polymer/iron-checked-element-behavior/-/iron-checked-element-behavior-3.0.0-pre.19.tgz#c79c8529c7bddf8b3fc5da1e81c938a286e424aa"
  dependencies:
    "@polymer/iron-form-element-behavior" "^3.0.0-pre.19"
    "@polymer/iron-validatable-behavior" "^3.0.0-pre.19"
    "@polymer/polymer" "^3.0.0"

"@polymer/iron-fit-behavior@^3.0.0-pre.19":
  version "3.0.0-pre.19"
  resolved "https://registry.yarnpkg.com/@polymer/iron-fit-behavior/-/iron-fit-behavior-3.0.0-pre.19.tgz#db53546ccd0a9f2861326ff4a2f15387a648f796"
  dependencies:
    "@polymer/polymer" "^3.0.0"

"@polymer/iron-flex-layout@^3.0.0-pre.19":
  version "3.0.0-pre.19"
  resolved "https://registry.yarnpkg.com/@polymer/iron-flex-layout/-/iron-flex-layout-3.0.0-pre.19.tgz#35f633ab4d4e14e44650722729128e4f5968c1e9"
  dependencies:
    "@polymer/polymer" "^3.0.0"

"@polymer/iron-form-element-behavior@^3.0.0-pre.19":
  version "3.0.0-pre.19"
  resolved "https://registry.yarnpkg.com/@polymer/iron-form-element-behavior/-/iron-form-element-behavior-3.0.0-pre.19.tgz#0fee7892af6a79cea7ef7ef1c7f738ac9f916ec6"
  dependencies:
    "@polymer/polymer" "^3.0.0"

"@polymer/iron-icon@^3.0.0-pre.19":
  version "3.0.0-pre.19"
  resolved "https://registry.yarnpkg.com/@polymer/iron-icon/-/iron-icon-3.0.0-pre.19.tgz#8fd150463a36d3851b2b71802ebc22d48dbfa340"
  dependencies:
    "@polymer/iron-flex-layout" "^3.0.0-pre.19"
    "@polymer/iron-meta" "^3.0.0-pre.19"
    "@polymer/polymer" "^3.0.0"

"@polymer/iron-icons@^3.0.0-pre.1", "@polymer/iron-icons@^3.0.0-pre.19":
  version "3.0.0-pre.19"
  resolved "https://registry.yarnpkg.com/@polymer/iron-icons/-/iron-icons-3.0.0-pre.19.tgz#850151d172fe8a5833efac150a018d9d5f464779"
  dependencies:
    "@polymer/iron-icon" "^3.0.0-pre.19"
    "@polymer/iron-iconset-svg" "^3.0.0-pre.19"
    "@polymer/polymer" "^3.0.0"

"@polymer/iron-iconset-svg@^3.0.0-pre.19":
  version "3.0.0-pre.19"
  resolved "https://registry.yarnpkg.com/@polymer/iron-iconset-svg/-/iron-iconset-svg-3.0.0-pre.19.tgz#9badb0df72ade7f011e60917ef3274019006cfd0"
  dependencies:
    "@polymer/iron-meta" "^3.0.0-pre.19"
    "@polymer/polymer" "^3.0.0"

"@polymer/iron-input@^3.0.0-pre.19":
  version "3.0.0-pre.19"
  resolved "https://registry.yarnpkg.com/@polymer/iron-input/-/iron-input-3.0.0-pre.19.tgz#4bcac205f927495d775a44e628013bb76ff78706"
  dependencies:
    "@polymer/iron-a11y-announcer" "^3.0.0-pre.19"
    "@polymer/iron-validatable-behavior" "^3.0.0-pre.19"
    "@polymer/polymer" "^3.0.0"

"@polymer/iron-location@^3.0.0-pre.19":
  version "3.0.0-pre.19"
  resolved "https://registry.yarnpkg.com/@polymer/iron-location/-/iron-location-3.0.0-pre.19.tgz#092716cf677491eb0c53031eb4014f6af566694d"
  dependencies:
    "@polymer/polymer" "^3.0.0"

"@polymer/iron-media-query@^3.0.0-pre.19":
  version "3.0.0-pre.19"
  resolved "https://registry.yarnpkg.com/@polymer/iron-media-query/-/iron-media-query-3.0.0-pre.19.tgz#f98271a879ead7aa6c37f7da6231b38c8f41deca"
  dependencies:
    "@polymer/polymer" "^3.0.0"

"@polymer/iron-menu-behavior@^3.0.0-pre.19":
  version "3.0.0-pre.19"
  resolved "https://registry.yarnpkg.com/@polymer/iron-menu-behavior/-/iron-menu-behavior-3.0.0-pre.19.tgz#16f841d3a4be8df1e502d5d2ca2831b77dd598e4"
  dependencies:
    "@polymer/iron-a11y-keys-behavior" "^3.0.0-pre.19"
    "@polymer/iron-flex-layout" "^3.0.0-pre.19"
    "@polymer/iron-selector" "^3.0.0-pre.19"
    "@polymer/polymer" "^3.0.0"

"@polymer/iron-meta@^3.0.0-pre.19":
  version "3.0.0-pre.19"
  resolved "https://registry.yarnpkg.com/@polymer/iron-meta/-/iron-meta-3.0.0-pre.19.tgz#c4a70c235b87679f3487429ca69e071aacc3d002"
  dependencies:
    "@polymer/polymer" "^3.0.0"

"@polymer/iron-overlay-behavior@^3.0.0-pre.19":
  version "3.0.0-pre.19"
  resolved "https://registry.yarnpkg.com/@polymer/iron-overlay-behavior/-/iron-overlay-behavior-3.0.0-pre.19.tgz#0d15e901c30380e93351132be7b6fc35a93a5444"
  dependencies:
    "@polymer/iron-a11y-keys-behavior" "^3.0.0-pre.19"
    "@polymer/iron-fit-behavior" "^3.0.0-pre.19"
    "@polymer/iron-resizable-behavior" "^3.0.0-pre.19"
    "@polymer/polymer" "^3.0.0"

"@polymer/iron-pages@^3.0.0-pre.19":
  version "3.0.0-pre.19"
  resolved "https://registry.yarnpkg.com/@polymer/iron-pages/-/iron-pages-3.0.0-pre.19.tgz#98b00fbda39e06cdaf091a9dd61ef1fc371a4ed6"
  dependencies:
    "@polymer/iron-resizable-behavior" "^3.0.0-pre.19"
    "@polymer/iron-selector" "^3.0.0-pre.19"
    "@polymer/polymer" "^3.0.0"

"@polymer/iron-range-behavior@^3.0.0-pre.19":
  version "3.0.0-pre.19"
  resolved "https://registry.yarnpkg.com/@polymer/iron-range-behavior/-/iron-range-behavior-3.0.0-pre.19.tgz#77e49c2876659eb02ebd514d720cf4c23861bcde"
  dependencies:
    "@polymer/polymer" "^3.0.0"

"@polymer/iron-resizable-behavior@^3.0.0-pre.19":
  version "3.0.0-pre.19"
  resolved "https://registry.yarnpkg.com/@polymer/iron-resizable-behavior/-/iron-resizable-behavior-3.0.0-pre.19.tgz#f36f4a11c48f07c55f4b0a77a9fb7827edf97fef"
  dependencies:
    "@polymer/polymer" "^3.0.0"

"@polymer/iron-scroll-target-behavior@^3.0.0-pre.19":
  version "3.0.0-pre.19"
  resolved "https://registry.yarnpkg.com/@polymer/iron-scroll-target-behavior/-/iron-scroll-target-behavior-3.0.0-pre.19.tgz#4f13b0bd35257a2a4ba94419cc2f9431cd089789"
  dependencies:
    "@polymer/polymer" "^3.0.0"

"@polymer/iron-selector@^3.0.0-pre.19":
  version "3.0.0-pre.19"
  resolved "https://registry.yarnpkg.com/@polymer/iron-selector/-/iron-selector-3.0.0-pre.19.tgz#254156e1284a68db9f45ace6903e846c042f1242"
  dependencies:
    "@polymer/polymer" "^3.0.0"

"@polymer/iron-validatable-behavior@^3.0.0-pre.19":
  version "3.0.0-pre.19"
  resolved "https://registry.yarnpkg.com/@polymer/iron-validatable-behavior/-/iron-validatable-behavior-3.0.0-pre.19.tgz#2168f83466e85a2caa329f0b9db7060d2de38a7d"
  dependencies:
    "@polymer/iron-meta" "^3.0.0-pre.19"
    "@polymer/polymer" "^3.0.0"

"@polymer/paper-behaviors@^3.0.0-pre.19":
  version "3.0.0-pre.19"
  resolved "https://registry.yarnpkg.com/@polymer/paper-behaviors/-/paper-behaviors-3.0.0-pre.19.tgz#02fdf0accf86f3f3836b82e333776ca5e9eeb25a"
  dependencies:
    "@polymer/iron-behaviors" "^3.0.0-pre.19"
    "@polymer/iron-checked-element-behavior" "^3.0.0-pre.19"
    "@polymer/paper-ripple" "^3.0.0-pre.19"
    "@polymer/polymer" "^3.0.0"

"@polymer/paper-button@^3.0.0-pre.19":
  version "3.0.0-pre.19"
  resolved "https://registry.yarnpkg.com/@polymer/paper-button/-/paper-button-3.0.0-pre.19.tgz#4feaa4142419b737a4d2d67809a760000151632a"
  dependencies:
    "@polymer/iron-flex-layout" "^3.0.0-pre.19"
    "@polymer/paper-behaviors" "^3.0.0-pre.19"
    "@polymer/paper-styles" "^3.0.0-pre.19"
    "@polymer/polymer" "^3.0.0"

"@polymer/paper-icon-button@^3.0.0-pre.1", "@polymer/paper-icon-button@^3.0.0-pre.19":
  version "3.0.0-pre.19"
  resolved "https://registry.yarnpkg.com/@polymer/paper-icon-button/-/paper-icon-button-3.0.0-pre.19.tgz#e478b5838363285394c3c1a3addd72d3bb1d789b"
  dependencies:
    "@polymer/iron-icon" "^3.0.0-pre.19"
    "@polymer/paper-behaviors" "^3.0.0-pre.19"
    "@polymer/paper-styles" "^3.0.0-pre.19"
    "@polymer/polymer" "^3.0.0"

"@polymer/paper-input@^3.0.0-pre.19":
  version "3.0.0-pre.19"
  resolved "https://registry.yarnpkg.com/@polymer/paper-input/-/paper-input-3.0.0-pre.19.tgz#d7322b6773db71fb1019a217ed9b566abb908030"
  dependencies:
    "@polymer/iron-a11y-keys-behavior" "^3.0.0-pre.19"
    "@polymer/iron-autogrow-textarea" "^3.0.0-pre.19"
    "@polymer/iron-behaviors" "^3.0.0-pre.19"
    "@polymer/iron-form-element-behavior" "^3.0.0-pre.19"
    "@polymer/iron-input" "^3.0.0-pre.19"
    "@polymer/paper-styles" "^3.0.0-pre.19"
    "@polymer/polymer" "^3.0.0"

"@polymer/paper-material@^3.0.0-pre.19":
  version "3.0.0-pre.19"
  resolved "https://registry.yarnpkg.com/@polymer/paper-material/-/paper-material-3.0.0-pre.19.tgz#93cfc099a6f3c4f30615849c81e4965c08262ce0"
  dependencies:
    "@polymer/paper-styles" "^3.0.0-pre.19"
    "@polymer/polymer" "^3.0.0"

"@polymer/paper-progress@^3.0.0-pre.8":
  version "3.0.0-pre.19"
  resolved "https://registry.yarnpkg.com/@polymer/paper-progress/-/paper-progress-3.0.0-pre.19.tgz#acb5245048aab6ad71dce7efd632d10ef22a42c4"
  dependencies:
    "@polymer/iron-flex-layout" "^3.0.0-pre.19"
    "@polymer/iron-range-behavior" "^3.0.0-pre.19"
    "@polymer/paper-styles" "^3.0.0-pre.19"
    "@polymer/polymer" "^3.0.0"

"@polymer/paper-ripple@^3.0.0-pre.19":
  version "3.0.0-pre.19"
  resolved "https://registry.yarnpkg.com/@polymer/paper-ripple/-/paper-ripple-3.0.0-pre.19.tgz#9e72d59d07c954a0e3de70b44a12c66a508b80ee"
  dependencies:
    "@polymer/iron-a11y-keys-behavior" "^3.0.0-pre.19"
    "@polymer/polymer" "^3.0.0"

"@polymer/paper-styles@^3.0.0-pre.19":
  version "3.0.0-pre.19"
  resolved "https://registry.yarnpkg.com/@polymer/paper-styles/-/paper-styles-3.0.0-pre.19.tgz#72ba066b0de9153d835639ebe63ce2afbe5425b0"
  dependencies:
    "@polymer/font-roboto" "^3.0.0-pre.19"
    "@polymer/iron-flex-layout" "^3.0.0-pre.19"
    "@polymer/polymer" "^3.0.0"

"@polymer/paper-tabs@^3.0.0-pre.19":
  version "3.0.0-pre.19"
  resolved "https://registry.yarnpkg.com/@polymer/paper-tabs/-/paper-tabs-3.0.0-pre.19.tgz#c758179061d713d830b4d77e2b5fa640508b2a18"
  dependencies:
    "@polymer/iron-behaviors" "^3.0.0-pre.19"
    "@polymer/iron-flex-layout" "^3.0.0-pre.19"
    "@polymer/iron-icon" "^3.0.0-pre.19"
    "@polymer/iron-iconset-svg" "^3.0.0-pre.19"
    "@polymer/iron-menu-behavior" "^3.0.0-pre.19"
    "@polymer/iron-resizable-behavior" "^3.0.0-pre.19"
    "@polymer/paper-behaviors" "^3.0.0-pre.19"
    "@polymer/paper-icon-button" "^3.0.0-pre.19"
    "@polymer/paper-styles" "^3.0.0-pre.19"
    "@polymer/polymer" "^3.0.0"

"@polymer/paper-toast@^3.0.0-pre.19":
  version "3.0.0-pre.19"
  resolved "https://registry.yarnpkg.com/@polymer/paper-toast/-/paper-toast-3.0.0-pre.19.tgz#0fe640e3bd33a82b93f454e1d85755937ee04b9a"
  dependencies:
    "@polymer/iron-a11y-announcer" "^3.0.0-pre.19"
    "@polymer/iron-fit-behavior" "^3.0.0-pre.19"
    "@polymer/iron-overlay-behavior" "^3.0.0-pre.19"
    "@polymer/polymer" "^3.0.0"

"@polymer/polymer@^3.0.0", "@polymer/polymer@^3.0.0-pre.1", "@polymer/polymer@^3.0.2":
  version "3.0.2"
  resolved "https://registry.yarnpkg.com/@polymer/polymer/-/polymer-3.0.2.tgz#626e6f9fae9716b0962ce0211e21df242153eab2"
  dependencies:
    "@webcomponents/shadycss" "^1.2.0"

"@ucd-lib/cork-app-load@^0.0.3":
  version "0.0.3"
  resolved "https://registry.yarnpkg.com/@ucd-lib/cork-app-load/-/cork-app-load-0.0.3.tgz#13e01c1e5e7cc9449b50654a360110c567dd3708"
  dependencies:
    "@babel/polyfill" "^7.0.0-beta.46"
    "@webcomponents/webcomponentsjs" "^2.0.0"

"@ucd-lib/cork-app-state@^0.1.1":
  version "0.1.1"
  resolved "https://registry.yarnpkg.com/@ucd-lib/cork-app-state/-/cork-app-state-0.1.1.tgz#106ed1978a5c8e579c8ab8f806ff8bfa83b8aaae"
  dependencies:
    "@polymer/app-route" "^3.0.0-pre.1"
    "@polymer/polymer" "^3.0.0-pre.1"
    "@ucd-lib/cork-app-utils" "^2.0.3"
    query-string "^5.0.1"

"@ucd-lib/cork-app-utils@^2.0.3", "@ucd-lib/cork-app-utils@^4.1.1":
  version "4.1.1"
  resolved "https://registry.yarnpkg.com/@ucd-lib/cork-app-utils/-/cork-app-utils-4.1.1.tgz#30b9370ae0531a62615a788f5b8fb427439f5e90"
  dependencies:
    fast-deep-equal "^1.1.0"
    fs-extra "^4.0.2"
    isomorphic-fetch "^2.2.1"

"@webcomponents/shadycss@^1.2.0":
  version "1.2.1"
  resolved "https://registry.yarnpkg.com/@webcomponents/shadycss/-/shadycss-1.2.1.tgz#6e4a88534657807c8398b4bc196d0ca492182d54"

"@webcomponents/webcomponentsjs@2.0.0", "@webcomponents/webcomponentsjs@^2.0.0":
  version "2.0.0"
  resolved "https://registry.yarnpkg.com/@webcomponents/webcomponentsjs/-/webcomponentsjs-2.0.0.tgz#166e7489b9ce66f5c082a3360120cb27505f762f"

abbrev@1:
  version "1.1.1"
  resolved "https://registry.yarnpkg.com/abbrev/-/abbrev-1.1.1.tgz#f8f2c887ad10bf67f634f005b6987fed3179aac8"

bytes@^3.0.0:
  version "3.0.0"
  resolved "https://registry.yarnpkg.com/bytes/-/bytes-3.0.0.tgz#d32815404d689699f85a4ea4fa8755dd13a96048"

clipboard@^2.0.0:
  version "2.0.1"
  resolved "https://registry.yarnpkg.com/clipboard/-/clipboard-2.0.1.tgz#a12481e1c13d8a50f5f036b0560fe5d16d74e46a"
  dependencies:
    good-listener "^1.2.2"
    select "^1.1.2"
    tiny-emitter "^2.0.0"

core-js@^2.5.3:
  version "2.5.6"
  resolved "https://registry.yarnpkg.com/core-js/-/core-js-2.5.6.tgz#0fe6d45bf3cac3ac364a9d72de7576f4eb221b9d"

cork-pagination@cork-elements/cork-pagination:
  version "2.1.1"
  resolved "https://codeload.github.com/cork-elements/cork-pagination/tar.gz/7a76206b1f56370483b05dc2613db7e0da358b51"
  dependencies:
    "@polymer/iron-icons" "^3.0.0-pre.1"
    "@polymer/paper-icon-button" "^3.0.0-pre.1"
    "@polymer/polymer" "^3.0.0-pre.1"

decode-uri-component@^0.2.0:
  version "0.2.0"
  resolved "https://registry.yarnpkg.com/decode-uri-component/-/decode-uri-component-0.2.0.tgz#eb3913333458775cb84cd1a1fae062106bb87545"

delegate@^3.1.2:
  version "3.2.0"
  resolved "https://registry.yarnpkg.com/delegate/-/delegate-3.2.0.tgz#b66b71c3158522e8ab5744f720d8ca0c2af59166"

encoding@^0.1.11:
  version "0.1.12"
  resolved "https://registry.yarnpkg.com/encoding/-/encoding-0.1.12.tgz#538b66f3ee62cd1ab51ec323829d1f9480c74beb"
  dependencies:
    iconv-lite "~0.4.13"

fast-deep-equal@^1.1.0:
  version "1.1.0"
  resolved "https://registry.yarnpkg.com/fast-deep-equal/-/fast-deep-equal-1.1.0.tgz#c053477817c86b51daa853c81e059b733d023614"

fs-extra@^4.0.2:
  version "4.0.3"
  resolved "https://registry.yarnpkg.com/fs-extra/-/fs-extra-4.0.3.tgz#0d852122e5bc5beb453fb028e9c0c9bf36340c94"
  dependencies:
    graceful-fs "^4.1.2"
    jsonfile "^4.0.0"
    universalify "^0.1.0"

github-markdown-css@^2.10.0:
  version "2.10.0"
  resolved "https://registry.yarnpkg.com/github-markdown-css/-/github-markdown-css-2.10.0.tgz#0612fed22816b33b282f37ef8def7a4ecabfe993"

good-listener@^1.2.2:
  version "1.2.2"
  resolved "https://registry.yarnpkg.com/good-listener/-/good-listener-1.2.2.tgz#d53b30cdf9313dffb7dc9a0d477096aa6d145c50"
  dependencies:
    delegate "^3.1.2"

google-charts@^1.0.0:
  version "1.1.0"
  resolved "https://registry.yarnpkg.com/google-charts/-/google-charts-1.1.0.tgz#d785ee9397bab07a3db069e986a845057935ecd8"

graceful-fs@^4.1.2, graceful-fs@^4.1.6:
  version "4.1.11"
  resolved "https://registry.yarnpkg.com/graceful-fs/-/graceful-fs-4.1.11.tgz#0e8bdfe4d1ddb8854d64e04ea7c00e2a026e5658"

iconv-lite@~0.4.13:
  version "0.4.23"
  resolved "https://registry.yarnpkg.com/iconv-lite/-/iconv-lite-0.4.23.tgz#297871f63be507adcfbfca715d0cd0eed84e9a63"
  dependencies:
    safer-buffer ">= 2.1.2 < 3"

inherits@^2.0.1:
  version "2.0.3"
  resolved "https://registry.yarnpkg.com/inherits/-/inherits-2.0.3.tgz#633c2c83e3da42a502f52466022480f4208261de"

is-stream@^1.0.1:
  version "1.1.0"
  resolved "https://registry.yarnpkg.com/is-stream/-/is-stream-1.1.0.tgz#12d4a3dd4e68e0b79ceb8dbc84173ae80d91ca44"

isomorphic-fetch@^2.2.1:
  version "2.2.1"
  resolved "https://registry.yarnpkg.com/isomorphic-fetch/-/isomorphic-fetch-2.2.1.tgz#611ae1acf14f5e81f729507472819fe9733558a9"
  dependencies:
    node-fetch "^1.0.1"
    whatwg-fetch ">=0.10.0"

jsonfile@^4.0.0:
  version "4.0.0"
  resolved "https://registry.yarnpkg.com/jsonfile/-/jsonfile-4.0.0.tgz#8771aae0799b64076b76640fca058f9c10e33ecb"
  optionalDependencies:
    graceful-fs "^4.1.6"

markdown@^0.5.0:
  version "0.5.0"
  resolved "https://registry.yarnpkg.com/markdown/-/markdown-0.5.0.tgz#28205b565a8ae7592de207463d6637dc182722b2"
  dependencies:
    nopt "~2.1.1"

node-fetch@^1.0.1:
  version "1.7.3"
  resolved "https://registry.yarnpkg.com/node-fetch/-/node-fetch-1.7.3.tgz#980f6f72d85211a5347c6b2bc18c5b84c3eb47ef"
  dependencies:
    encoding "^0.1.11"
    is-stream "^1.0.1"

nopt@~2.1.1:
  version "2.1.2"
  resolved "https://registry.yarnpkg.com/nopt/-/nopt-2.1.2.tgz#6cccd977b80132a07731d6e8ce58c2c8303cf9af"
  dependencies:
    abbrev "1"

object-assign@^4.1.0:
  version "4.1.1"
  resolved "https://registry.yarnpkg.com/object-assign/-/object-assign-4.1.1.tgz#2109adc7965887cfc05cbbd442cac8bfbb360863"

prismjs@^1.10.0:
  version "1.14.0"
  resolved "https://registry.yarnpkg.com/prismjs/-/prismjs-1.14.0.tgz#bbccfdb8be5d850d26453933cb50122ca0362ae0"
  optionalDependencies:
    clipboard "^2.0.0"

query-string@^5.0.1:
  version "5.1.1"
  resolved "https://registry.yarnpkg.com/query-string/-/query-string-5.1.1.tgz#a78c012b71c17e05f2e3fa2319dd330682efb3cb"
  dependencies:
    decode-uri-component "^0.2.0"
    object-assign "^4.1.0"
    strict-uri-encode "^1.0.0"

regenerator-runtime@^0.11.1:
  version "0.11.1"
  resolved "https://registry.yarnpkg.com/regenerator-runtime/-/regenerator-runtime-0.11.1.tgz#be05ad7f9bf7d22e056f9726cee5017fbf19e2e9"

safe-buffer@^5.0.1:
  version "5.1.2"
  resolved "https://registry.yarnpkg.com/safe-buffer/-/safe-buffer-5.1.2.tgz#991ec69d296e0313747d59bdfd2b745c35f8828d"

"safer-buffer@>= 2.1.2 < 3":
  version "2.1.2"
  resolved "https://registry.yarnpkg.com/safer-buffer/-/safer-buffer-2.1.2.tgz#44fa161b0187b9549dd84bb91802f9bd8385cd6a"

select@^1.1.2:
  version "1.1.2"
  resolved "https://registry.yarnpkg.com/select/-/select-1.1.2.tgz#0e7350acdec80b1108528786ec1d4418d11b396d"

sha.js@^2.4.11:
  version "2.4.11"
  resolved "https://registry.yarnpkg.com/sha.js/-/sha.js-2.4.11.tgz#37a5cf0b81ecbc6943de109ba2960d1b26584ae7"
  dependencies:
    inherits "^2.0.1"
    safe-buffer "^5.0.1"

strict-uri-encode@^1.0.0:
  version "1.1.0"
  resolved "https://registry.yarnpkg.com/strict-uri-encode/-/strict-uri-encode-1.1.0.tgz#279b225df1d582b1f54e65addd4352e18faa0713"

tiny-emitter@^2.0.0:
  version "2.0.2"
  resolved "https://registry.yarnpkg.com/tiny-emitter/-/tiny-emitter-2.0.2.tgz#82d27468aca5ade8e5fd1e6d22b57dd43ebdfb7c"

universalify@^0.1.0:
  version "0.1.2"
  resolved "https://registry.yarnpkg.com/universalify/-/universalify-0.1.2.tgz#b646f69be3942dabcecc9d6639c80dc105efaa66"

uuid@^3.1.0:
  version "3.2.1"
  resolved "https://registry.yarnpkg.com/uuid/-/uuid-3.2.1.tgz#12c528bb9d58d0b9265d9a2f6f0fe8be17ff1f14"

vaadin-upload@^3.0.0-beta1:
  version "3.0.0-beta1"
  resolved "https://registry.yarnpkg.com/vaadin-upload/-/vaadin-upload-3.0.0-beta1.tgz#7f566703546b4298a2580a57593e46e9539b1c55"

whatwg-fetch@>=0.10.0:
  version "2.0.4"
  resolved "https://registry.yarnpkg.com/whatwg-fetch/-/whatwg-fetch-2.0.4.tgz#dde6a5df315f9d39991aa17621853d720b85566f"
